
Microsoft Visual Studio Solution File, Format Version 11.00
# Visual Studio 2010
Project("{FAE04EC0-301F-11D3-BF4B-00C04F79EFBC}") = "Veggerby.Units", "Veggerby.Units\Veggerby.Units.csproj", "{F5D3ABB2-8FA1-4F0F-82F1-00BAAE2D22E4}"
EndProject
Project("{FAE04EC0-301F-11D3-BF4B-00C04F79EFBC}") = "Veggerby.Units.Tests", "Veggerby.Units.Tests\Veggerby.Units.Tests.csproj", "{91570B32-295B-4A98-AD6C-4B651FE0B320}"
EndProject
Global
	GlobalSection(SolutionConfigurationPlatforms) = preSolution
		Debug|Any CPU = Debug|Any CPU
		Release|Any CPU = Release|Any CPU
	EndGlobalSection
	GlobalSection(ProjectConfigurationPlatforms) = postSolution
		{F5D3ABB2-8FA1-4F0F-82F1-00BAAE2D22E4}.Debug|Any CPU.ActiveCfg = Debug|Any CPU
		{F5D3ABB2-8FA1-4F0F-82F1-00BAAE2D22E4}.Debug|Any CPU.Build.0 = Debug|Any CPU
		{F5D3ABB2-8FA1-4F0F-82F1-00BAAE2D22E4}.Release|Any CPU.ActiveCfg = Release|Any CPU
		{F5D3ABB2-8FA1-4F0F-82F1-00BAAE2D22E4}.Release|Any CPU.Build.0 = Release|Any CPU
		{91570B32-295B-4A98-AD6C-4B651FE0B320}.Debug|Any CPU.ActiveCfg = Debug|Any CPU
		{91570B32-295B-4A98-AD6C-4B651FE0B320}.Debug|Any CPU.Build.0 = Debug|Any CPU
		{91570B32-295B-4A98-AD6C-4B651FE0B320}.Release|Any CPU.ActiveCfg = Release|Any CPU
		{91570B32-295B-4A98-AD6C-4B651FE0B320}.Release|Any CPU.Build.0 = Release|Any CPU
	EndGlobalSection
	GlobalSection(SolutionProperties) = preSolution
		HideSolutionNode = FALSE
	EndGlobalSection
EndGlobal
