
Microsoft Visual Studio Solution File, Format Version 12.00
# Visual Studio Version 17
VisualStudioVersion = 17.5.2.0
MinimumVisualStudioVersion = 10.0.40219.1
Project("{2150E333-8FDC-42A3-9474-1A3956D46DE8}") = "test", "test", "{0C88DD14-F956-CE84-757C-A364CCF449FC}"
EndProject
Project("{2150E333-8FDC-42A3-9474-1A3956D46DE8}") = "src", "src", "{827E0CD3-B72D-47B6-A68D-7590B98EB39B}"
EndProject
Project("{FAE04EC0-301F-11D3-BF4B-00C04F79EFBC}") = "Veggerby.Units.Tests", "test\Veggerby.Units.Tests\Veggerby.Units.Tests.csproj", "{029C51CE-3570-0641-2669-812967BA642A}"
EndProject
Project("{FAE04EC0-301F-11D3-BF4B-00C04F79EFBC}") = "Veggerby.Units", "src\Veggerby.Units\Veggerby.Units.csproj", "{F42F082F-024A-E08B-86B1-6F2B355901A3}"
EndProject
Project("{2150E333-8FDC-42A3-9474-1A3956D46DE8}") = "bench", "bench", "{760AB15A-8938-8D9B-BEDE-5CE1484B84C3}"
EndProject
Project("{FAE04EC0-301F-11D3-BF4B-00C04F79EFBC}") = "Veggerby.Units.Benchmarks", "bench\Veggerby.Units.Benchmarks\Veggerby.Units.Benchmarks.csproj", "{7A84FAF0-69B6-428C-944A-BCF871E8E7DF}"
EndProject
Global
	GlobalSection(SolutionConfigurationPlatforms) = preSolution
		Debug|Any CPU = Debug|Any CPU
		Debug|x64 = Debug|x64
		Debug|x86 = Debug|x86
		Release|Any CPU = Release|Any CPU
		Release|x64 = Release|x64
		Release|x86 = Release|x86
	EndGlobalSection
	GlobalSection(ProjectConfigurationPlatforms) = postSolution
		{029C51CE-3570-0641-2669-812967BA642A}.Debug|Any CPU.ActiveCfg = Debug|Any CPU
		{029C51CE-3570-0641-2669-812967BA642A}.Debug|Any CPU.Build.0 = Debug|Any CPU
		{029C51CE-3570-0641-2669-812967BA642A}.Debug|x64.ActiveCfg = Debug|Any CPU
		{029C51CE-3570-0641-2669-812967BA642A}.Debug|x64.Build.0 = Debug|Any CPU
		{029C51CE-3570-0641-2669-812967BA642A}.Debug|x86.ActiveCfg = Debug|Any CPU
		{029C51CE-3570-0641-2669-812967BA642A}.Debug|x86.Build.0 = Debug|Any CPU
		{029C51CE-3570-0641-2669-812967BA642A}.Release|Any CPU.ActiveCfg = Release|Any CPU
		{029C51CE-3570-0641-2669-812967BA642A}.Release|Any CPU.Build.0 = Release|Any CPU
		{029C51CE-3570-0641-2669-812967BA642A}.Release|x64.ActiveCfg = Release|Any CPU
		{029C51CE-3570-0641-2669-812967BA642A}.Release|x64.Build.0 = Release|Any CPU
		{029C51CE-3570-0641-2669-812967BA642A}.Release|x86.ActiveCfg = Release|Any CPU
		{029C51CE-3570-0641-2669-812967BA642A}.Release|x86.Build.0 = Release|Any CPU
		{F42F082F-024A-E08B-86B1-6F2B355901A3}.Debug|Any CPU.ActiveCfg = Debug|Any CPU
		{F42F082F-024A-E08B-86B1-6F2B355901A3}.Debug|Any CPU.Build.0 = Debug|Any CPU
		{F42F082F-024A-E08B-86B1-6F2B355901A3}.Debug|x64.ActiveCfg = Debug|Any CPU
		{F42F082F-024A-E08B-86B1-6F2B355901A3}.Debug|x64.Build.0 = Debug|Any CPU
		{F42F082F-024A-E08B-86B1-6F2B355901A3}.Debug|x86.ActiveCfg = Debug|Any CPU
		{F42F082F-024A-E08B-86B1-6F2B355901A3}.Debug|x86.Build.0 = Debug|Any CPU
		{F42F082F-024A-E08B-86B1-6F2B355901A3}.Release|Any CPU.ActiveCfg = Release|Any CPU
		{F42F082F-024A-E08B-86B1-6F2B355901A3}.Release|Any CPU.Build.0 = Release|Any CPU
		{F42F082F-024A-E08B-86B1-6F2B355901A3}.Release|x64.ActiveCfg = Release|Any CPU
		{F42F082F-024A-E08B-86B1-6F2B355901A3}.Release|x64.Build.0 = Release|Any CPU
		{F42F082F-024A-E08B-86B1-6F2B355901A3}.Release|x86.ActiveCfg = Release|Any CPU
		{F42F082F-024A-E08B-86B1-6F2B355901A3}.Release|x86.Build.0 = Release|Any CPU
		{7A84FAF0-69B6-428C-944A-BCF871E8E7DF}.Debug|Any CPU.ActiveCfg = Debug|Any CPU
		{7A84FAF0-69B6-428C-944A-BCF871E8E7DF}.Debug|Any CPU.Build.0 = Debug|Any CPU
		{7A84FAF0-69B6-428C-944A-BCF871E8E7DF}.Debug|x64.ActiveCfg = Debug|Any CPU
		{7A84FAF0-69B6-428C-944A-BCF871E8E7DF}.Debug|x64.Build.0 = Debug|Any CPU
		{7A84FAF0-69B6-428C-944A-BCF871E8E7DF}.Debug|x86.ActiveCfg = Debug|Any CPU
		{7A84FAF0-69B6-428C-944A-BCF871E8E7DF}.Debug|x86.Build.0 = Debug|Any CPU
		{7A84FAF0-69B6-428C-944A-BCF871E8E7DF}.Release|Any CPU.ActiveCfg = Release|Any CPU
		{7A84FAF0-69B6-428C-944A-BCF871E8E7DF}.Release|Any CPU.Build.0 = Release|Any CPU
		{7A84FAF0-69B6-428C-944A-BCF871E8E7DF}.Release|x64.ActiveCfg = Release|Any CPU
		{7A84FAF0-69B6-428C-944A-BCF871E8E7DF}.Release|x64.Build.0 = Release|Any CPU
		{7A84FAF0-69B6-428C-944A-BCF871E8E7DF}.Release|x86.ActiveCfg = Release|Any CPU
		{7A84FAF0-69B6-428C-944A-BCF871E8E7DF}.Release|x86.Build.0 = Release|Any CPU
	EndGlobalSection
	GlobalSection(SolutionProperties) = preSolution
		HideSolutionNode = FALSE
	EndGlobalSection
	GlobalSection(NestedProjects) = preSolution
		{029C51CE-3570-0641-2669-812967BA642A} = {0C88DD14-F956-CE84-757C-A364CCF449FC}
		{F42F082F-024A-E08B-86B1-6F2B355901A3} = {827E0CD3-B72D-47B6-A68D-7590B98EB39B}
		{7A84FAF0-69B6-428C-944A-BCF871E8E7DF} = {760AB15A-8938-8D9B-BEDE-5CE1484B84C3}
	EndGlobalSection
	GlobalSection(ExtensibilityGlobals) = postSolution
		SolutionGuid = {4CEC1C2E-4C91-4E56-B43F-20591FE4C421}
	EndGlobalSection
EndGlobal
