
Microsoft Visual Studio Solution File, Format Version 12.00
# Visual Studio Version 17
VisualStudioVersion = 17.5.2.0
MinimumVisualStudioVersion = 10.0.40219.1
Project("{2150E333-8FDC-42A3-9474-1A3956D46DE8}") = "test", "test", "{0C88DD14-F956-CE84-757C-A364CCF449FC}"
EndProject
Project("{2150E333-8FDC-42A3-9474-1A3956D46DE8}") = "src", "src", "{827E0CD3-B72D-47B6-A68D-7590B98EB39B}"
EndProject
Project("{FAE04EC0-301F-11D3-BF4B-00C04F79EFBC}") = "Veggerby.Units.Tests", "test\Veggerby.Units.Tests\Veggerby.Units.Tests.csproj", "{029C51CE-3570-0641-2669-812967BA642A}"
EndProject
Project("{FAE04EC0-301F-11D3-BF4B-00C04F79EFBC}") = "Veggerby.Units", "src\Veggerby.Units\Veggerby.Units.csproj", "{F42F082F-024A-E08B-86B1-6F2B355901A3}"
EndProject
Project("{2150E333-8FDC-42A3-9474-1A3956D46DE8}") = "bench", "bench", "{760AB15A-8938-8D9B-BEDE-5CE1484B84C3}"
EndProject
Project("{FAE04EC0-301F-11D3-BF4B-00C04F79EFBC}") = "Veggerby.Units.Benchmarks", "bench\Veggerby.Units.Benchmarks\Veggerby.Units.Benchmarks.csproj", "{7A84FAF0-69B6-428C-944A-BCF871E8E7DF}"
EndProject
Project("{FAE04EC0-301F-11D3-BF4B-00C04F79EFBC}") = "Veggerby.Units.Analyzers", "src\Veggerby.Units.Analyzers\Veggerby.Units.Analyzers.csproj", "{5E6B1F4E-2D8C-4B7C-A3A1-0A1F8D4E9B77}"
EndProject
Project("{FAE04EC0-301F-11D3-BF4B-00C04F79EFBC}") = "Veggerby.Units.Analyzers.Tests", "test\Veggerby.Units.Analyzers.Tests\Veggerby.Units.Analyzers.Tests.csproj", "{4014E677-F7A6-4950-95F7-D691383AFD23}"
EndProject
Project("{FAE04EC0-301F-11D3-BF4B-00C04F79EFBC}") = "Veggerby.Units.CodeFixes", "src\Veggerby.Units.CodeFixes\Veggerby.Units.CodeFixes.csproj", "{AB9AD393-B2C7-4057-A70C-CB44D355EE9E}"
EndProject
Project("{2150E333-8FDC-42A3-9474-1A3956D46DE8}") = "samples", "samples", "{0D2B3A6C-6D14-4C5F-9F2E-4DB5F03A9F5D}"
EndProject
Project("{FAE04EC0-301F-11D3-BF4B-00C04F79EFBC}") = "UsageSample", "samples\UsageSample\UsageSample.csproj", "{B6B2B2F9-0E0B-4AE0-8A07-1F1F36C9C7A1}"
EndProject
Project("{FAE04EC0-301F-11D3-BF4B-00C04F79EFBC}") = "AnalyzerSample", "samples\AnalyzerSample\AnalyzerSample.csproj", "{DA4E7A68-8E32-4F25-9A0D-5E0F159D40AA}"
EndProject
Global
	GlobalSection(SolutionConfigurationPlatforms) = preSolution
		Debug|Any CPU = Debug|Any CPU
		Debug|x64 = Debug|x64
		Debug|x86 = Debug|x86
		Release|Any CPU = Release|Any CPU
		Release|x64 = Release|x64
		Release|x86 = Release|x86
	EndGlobalSection
	GlobalSection(ProjectConfigurationPlatforms) = postSolution
		{029C51CE-3570-0641-2669-812967BA642A}.Debug|Any CPU.ActiveCfg = Debug|Any CPU
		{029C51CE-3570-0641-2669-812967BA642A}.Debug|Any CPU.Build.0 = Debug|Any CPU
		{029C51CE-3570-0641-2669-812967BA642A}.Debug|x64.ActiveCfg = Debug|Any CPU
		{029C51CE-3570-0641-2669-812967BA642A}.Debug|x64.Build.0 = Debug|Any CPU
		{029C51CE-3570-0641-2669-812967BA642A}.Debug|x86.ActiveCfg = Debug|Any CPU
		{029C51CE-3570-0641-2669-812967BA642A}.Debug|x86.Build.0 = Debug|Any CPU
		{029C51CE-3570-0641-2669-812967BA642A}.Release|Any CPU.ActiveCfg = Release|Any CPU
		{029C51CE-3570-0641-2669-812967BA642A}.Release|Any CPU.Build.0 = Release|Any CPU
		{029C51CE-3570-0641-2669-812967BA642A}.Release|x64.ActiveCfg = Release|Any CPU
		{029C51CE-3570-0641-2669-812967BA642A}.Release|x64.Build.0 = Release|Any CPU
		{029C51CE-3570-0641-2669-812967BA642A}.Release|x86.ActiveCfg = Release|Any CPU
		{029C51CE-3570-0641-2669-812967BA642A}.Release|x86.Build.0 = Release|Any CPU
		{F42F082F-024A-E08B-86B1-6F2B355901A3}.Debug|Any CPU.ActiveCfg = Debug|Any CPU
		{F42F082F-024A-E08B-86B1-6F2B355901A3}.Debug|Any CPU.Build.0 = Debug|Any CPU
		{F42F082F-024A-E08B-86B1-6F2B355901A3}.Debug|x64.ActiveCfg = Debug|Any CPU
		{F42F082F-024A-E08B-86B1-6F2B355901A3}.Debug|x64.Build.0 = Debug|Any CPU
		{F42F082F-024A-E08B-86B1-6F2B355901A3}.Debug|x86.ActiveCfg = Debug|Any CPU
		{F42F082F-024A-E08B-86B1-6F2B355901A3}.Debug|x86.Build.0 = Debug|Any CPU
		{F42F082F-024A-E08B-86B1-6F2B355901A3}.Release|Any CPU.ActiveCfg = Release|Any CPU
		{F42F082F-024A-E08B-86B1-6F2B355901A3}.Release|Any CPU.Build.0 = Release|Any CPU
		{F42F082F-024A-E08B-86B1-6F2B355901A3}.Release|x64.ActiveCfg = Release|Any CPU
		{F42F082F-024A-E08B-86B1-6F2B355901A3}.Release|x64.Build.0 = Release|Any CPU
		{F42F082F-024A-E08B-86B1-6F2B355901A3}.Release|x86.ActiveCfg = Release|Any CPU
		{F42F082F-024A-E08B-86B1-6F2B355901A3}.Release|x86.Build.0 = Release|Any CPU
		{7A84FAF0-69B6-428C-944A-BCF871E8E7DF}.Debug|Any CPU.ActiveCfg = Debug|Any CPU
		{7A84FAF0-69B6-428C-944A-BCF871E8E7DF}.Debug|Any CPU.Build.0 = Debug|Any CPU
		{7A84FAF0-69B6-428C-944A-BCF871E8E7DF}.Debug|x64.ActiveCfg = Debug|Any CPU
		{7A84FAF0-69B6-428C-944A-BCF871E8E7DF}.Debug|x64.Build.0 = Debug|Any CPU
		{7A84FAF0-69B6-428C-944A-BCF871E8E7DF}.Debug|x86.ActiveCfg = Debug|Any CPU
		{7A84FAF0-69B6-428C-944A-BCF871E8E7DF}.Debug|x86.Build.0 = Debug|Any CPU
		{7A84FAF0-69B6-428C-944A-BCF871E8E7DF}.Release|Any CPU.ActiveCfg = Release|Any CPU
		{7A84FAF0-69B6-428C-944A-BCF871E8E7DF}.Release|Any CPU.Build.0 = Release|Any CPU
		{7A84FAF0-69B6-428C-944A-BCF871E8E7DF}.Release|x64.ActiveCfg = Release|Any CPU
		{7A84FAF0-69B6-428C-944A-BCF871E8E7DF}.Release|x64.Build.0 = Release|Any CPU
		{7A84FAF0-69B6-428C-944A-BCF871E8E7DF}.Release|x86.ActiveCfg = Release|Any CPU
		{7A84FAF0-69B6-428C-944A-BCF871E8E7DF}.Release|x86.Build.0 = Release|Any CPU
		{5E6B1F4E-2D8C-4B7C-A3A1-0A1F8D4E9B77}.Debug|Any CPU.ActiveCfg = Debug|Any CPU
		{5E6B1F4E-2D8C-4B7C-A3A1-0A1F8D4E9B77}.Debug|Any CPU.Build.0 = Debug|Any CPU
		{5E6B1F4E-2D8C-4B7C-A3A1-0A1F8D4E9B77}.Debug|x64.ActiveCfg = Debug|Any CPU
		{5E6B1F4E-2D8C-4B7C-A3A1-0A1F8D4E9B77}.Debug|x64.Build.0 = Debug|Any CPU
		{5E6B1F4E-2D8C-4B7C-A3A1-0A1F8D4E9B77}.Debug|x86.ActiveCfg = Debug|Any CPU
		{5E6B1F4E-2D8C-4B7C-A3A1-0A1F8D4E9B77}.Debug|x86.Build.0 = Debug|Any CPU
		{5E6B1F4E-2D8C-4B7C-A3A1-0A1F8D4E9B77}.Release|Any CPU.ActiveCfg = Release|Any CPU
		{5E6B1F4E-2D8C-4B7C-A3A1-0A1F8D4E9B77}.Release|Any CPU.Build.0 = Release|Any CPU
		{5E6B1F4E-2D8C-4B7C-A3A1-0A1F8D4E9B77}.Release|x64.ActiveCfg = Release|Any CPU
		{5E6B1F4E-2D8C-4B7C-A3A1-0A1F8D4E9B77}.Release|x64.Build.0 = Release|Any CPU
		{5E6B1F4E-2D8C-4B7C-A3A1-0A1F8D4E9B77}.Release|x86.ActiveCfg = Release|Any CPU
		{5E6B1F4E-2D8C-4B7C-A3A1-0A1F8D4E9B77}.Release|x86.Build.0 = Release|Any CPU
		{4014E677-F7A6-4950-95F7-D691383AFD23}.Debug|Any CPU.ActiveCfg = Debug|Any CPU
		{4014E677-F7A6-4950-95F7-D691383AFD23}.Debug|Any CPU.Build.0 = Debug|Any CPU
		{4014E677-F7A6-4950-95F7-D691383AFD23}.Debug|x64.ActiveCfg = Debug|Any CPU
		{4014E677-F7A6-4950-95F7-D691383AFD23}.Debug|x64.Build.0 = Debug|Any CPU
		{4014E677-F7A6-4950-95F7-D691383AFD23}.Debug|x86.ActiveCfg = Debug|Any CPU
		{4014E677-F7A6-4950-95F7-D691383AFD23}.Debug|x86.Build.0 = Debug|Any CPU
		{4014E677-F7A6-4950-95F7-D691383AFD23}.Release|Any CPU.ActiveCfg = Release|Any CPU
		{4014E677-F7A6-4950-95F7-D691383AFD23}.Release|Any CPU.Build.0 = Release|Any CPU
		{4014E677-F7A6-4950-95F7-D691383AFD23}.Release|x64.ActiveCfg = Release|Any CPU
		{4014E677-F7A6-4950-95F7-D691383AFD23}.Release|x64.Build.0 = Release|Any CPU
		{4014E677-F7A6-4950-95F7-D691383AFD23}.Release|x86.ActiveCfg = Release|Any CPU
		{4014E677-F7A6-4950-95F7-D691383AFD23}.Release|x86.Build.0 = Release|Any CPU
		{AB9AD393-B2C7-4057-A70C-CB44D355EE9E}.Debug|Any CPU.ActiveCfg = Debug|Any CPU
		{AB9AD393-B2C7-4057-A70C-CB44D355EE9E}.Debug|Any CPU.Build.0 = Debug|Any CPU
		{AB9AD393-B2C7-4057-A70C-CB44D355EE9E}.Debug|x64.ActiveCfg = Debug|Any CPU
		{AB9AD393-B2C7-4057-A70C-CB44D355EE9E}.Debug|x64.Build.0 = Debug|Any CPU
		{AB9AD393-B2C7-4057-A70C-CB44D355EE9E}.Debug|x86.ActiveCfg = Debug|Any CPU
		{AB9AD393-B2C7-4057-A70C-CB44D355EE9E}.Debug|x86.Build.0 = Debug|Any CPU
		{AB9AD393-B2C7-4057-A70C-CB44D355EE9E}.Release|Any CPU.ActiveCfg = Release|Any CPU
		{AB9AD393-B2C7-4057-A70C-CB44D355EE9E}.Release|Any CPU.Build.0 = Release|Any CPU
		{AB9AD393-B2C7-4057-A70C-CB44D355EE9E}.Release|x64.ActiveCfg = Release|Any CPU
		{AB9AD393-B2C7-4057-A70C-CB44D355EE9E}.Release|x64.Build.0 = Release|Any CPU
		{AB9AD393-B2C7-4057-A70C-CB44D355EE9E}.Release|x86.ActiveCfg = Release|Any CPU
		{AB9AD393-B2C7-4057-A70C-CB44D355EE9E}.Release|x86.Build.0 = Release|Any CPU
		{B6B2B2F9-0E0B-4AE0-8A07-1F1F36C9C7A1}.Debug|Any CPU.ActiveCfg = Debug|Any CPU
		{B6B2B2F9-0E0B-4AE0-8A07-1F1F36C9C7A1}.Debug|Any CPU.Build.0 = Debug|Any CPU
		{B6B2B2F9-0E0B-4AE0-8A07-1F1F36C9C7A1}.Debug|x64.ActiveCfg = Debug|Any CPU
		{B6B2B2F9-0E0B-4AE0-8A07-1F1F36C9C7A1}.Debug|x64.Build.0 = Debug|Any CPU
		{B6B2B2F9-0E0B-4AE0-8A07-1F1F36C9C7A1}.Debug|x86.ActiveCfg = Debug|Any CPU
		{B6B2B2F9-0E0B-4AE0-8A07-1F1F36C9C7A1}.Debug|x86.Build.0 = Debug|Any CPU
		{B6B2B2F9-0E0B-4AE0-8A07-1F1F36C9C7A1}.Release|Any CPU.ActiveCfg = Release|Any CPU
		{B6B2B2F9-0E0B-4AE0-8A07-1F1F36C9C7A1}.Release|Any CPU.Build.0 = Release|Any CPU
		{B6B2B2F9-0E0B-4AE0-8A07-1F1F36C9C7A1}.Release|x64.ActiveCfg = Release|Any CPU
		{B6B2B2F9-0E0B-4AE0-8A07-1F1F36C9C7A1}.Release|x64.Build.0 = Release|Any CPU
		{B6B2B2F9-0E0B-4AE0-8A07-1F1F36C9C7A1}.Release|x86.ActiveCfg = Release|Any CPU
		{B6B2B2F9-0E0B-4AE0-8A07-1F1F36C9C7A1}.Release|x86.Build.0 = Release|Any CPU
		{DA4E7A68-8E32-4F25-9A0D-5E0F159D40AA}.Debug|Any CPU.ActiveCfg = Debug|Any CPU
		{DA4E7A68-8E32-4F25-9A0D-5E0F159D40AA}.Debug|Any CPU.Build.0 = Debug|Any CPU
		{DA4E7A68-8E32-4F25-9A0D-5E0F159D40AA}.Debug|x64.ActiveCfg = Debug|Any CPU
		{DA4E7A68-8E32-4F25-9A0D-5E0F159D40AA}.Debug|x64.Build.0 = Debug|Any CPU
		{DA4E7A68-8E32-4F25-9A0D-5E0F159D40AA}.Debug|x86.ActiveCfg = Debug|Any CPU
		{DA4E7A68-8E32-4F25-9A0D-5E0F159D40AA}.Debug|x86.Build.0 = Debug|Any CPU
		{DA4E7A68-8E32-4F25-9A0D-5E0F159D40AA}.Release|Any CPU.ActiveCfg = Release|Any CPU
		{DA4E7A68-8E32-4F25-9A0D-5E0F159D40AA}.Release|Any CPU.Build.0 = Release|Any CPU
		{DA4E7A68-8E32-4F25-9A0D-5E0F159D40AA}.Release|x64.ActiveCfg = Release|Any CPU
		{DA4E7A68-8E32-4F25-9A0D-5E0F159D40AA}.Release|x64.Build.0 = Release|Any CPU
		{DA4E7A68-8E32-4F25-9A0D-5E0F159D40AA}.Release|x86.ActiveCfg = Release|Any CPU
		{DA4E7A68-8E32-4F25-9A0D-5E0F159D40AA}.Release|x86.Build.0 = Release|Any CPU
	EndGlobalSection
	GlobalSection(SolutionProperties) = preSolution
		HideSolutionNode = FALSE
	EndGlobalSection
	GlobalSection(NestedProjects) = preSolution
		{029C51CE-3570-0641-2669-812967BA642A} = {0C88DD14-F956-CE84-757C-A364CCF449FC}
		{F42F082F-024A-E08B-86B1-6F2B355901A3} = {827E0CD3-B72D-47B6-A68D-7590B98EB39B}
		{7A84FAF0-69B6-428C-944A-BCF871E8E7DF} = {760AB15A-8938-8D9B-BEDE-5CE1484B84C3}
		{5E6B1F4E-2D8C-4B7C-A3A1-0A1F8D4E9B77} = {827E0CD3-B72D-47B6-A68D-7590B98EB39B}
		{4014E677-F7A6-4950-95F7-D691383AFD23} = {0C88DD14-F956-CE84-757C-A364CCF449FC}
		{AB9AD393-B2C7-4057-A70C-CB44D355EE9E} = {827E0CD3-B72D-47B6-A68D-7590B98EB39B}
		{B6B2B2F9-0E0B-4AE0-8A07-1F1F36C9C7A1} = {0D2B3A6C-6D14-4C5F-9F2E-4DB5F03A9F5D}
		{DA4E7A68-8E32-4F25-9A0D-5E0F159D40AA} = {0D2B3A6C-6D14-4C5F-9F2E-4DB5F03A9F5D}
	EndGlobalSection
	GlobalSection(ExtensibilityGlobals) = postSolution
		SolutionGuid = {4CEC1C2E-4C91-4E56-B43F-20591FE4C421}
	EndGlobalSection
EndGlobal
